
Microsoft Visual Studio Solution File, Format Version 12.00
# Visual Studio Version 16
VisualStudioVersion = 16.0.31019.35
MinimumVisualStudioVersion = 10.0.40219.1
Project("{FAE04EC0-301F-11D3-BF4B-00C04F79EFBC}") = "Detyra", "Detyra2\Detyra.csproj", "{5BA29462-ADD8-472E-B20A-DF22E18B36A3}"
EndProject
Project("{FAE04EC0-301F-11D3-BF4B-00C04F79EFBC}") = "Serveri", "Serveri\Serveri.csproj", "{02545C64-B6AB-4801-8445-C492D4820726}"
EndProject
Global
	GlobalSection(SolutionConfigurationPlatforms) = preSolution
		Debug|Any CPU = Debug|Any CPU
		Release|Any CPU = Release|Any CPU
	EndGlobalSection
	GlobalSection(ProjectConfigurationPlatforms) = postSolution
		{5BA29462-ADD8-472E-B20A-DF22E18B36A3}.Debug|Any CPU.ActiveCfg = Debug|Any CPU
		{5BA29462-ADD8-472E-B20A-DF22E18B36A3}.Debug|Any CPU.Build.0 = Debug|Any CPU
		{5BA29462-ADD8-472E-B20A-DF22E18B36A3}.Release|Any CPU.ActiveCfg = Release|Any CPU
		{5BA29462-ADD8-472E-B20A-DF22E18B36A3}.Release|Any CPU.Build.0 = Release|Any CPU
		{02545C64-B6AB-4801-8445-C492D4820726}.Debug|Any CPU.ActiveCfg = Debug|Any CPU
		{02545C64-B6AB-4801-8445-C492D4820726}.Debug|Any CPU.Build.0 = Debug|Any CPU
		{02545C64-B6AB-4801-8445-C492D4820726}.Release|Any CPU.ActiveCfg = Release|Any CPU
		{02545C64-B6AB-4801-8445-C492D4820726}.Release|Any CPU.Build.0 = Release|Any CPU
	EndGlobalSection
	GlobalSection(SolutionProperties) = preSolution
		HideSolutionNode = FALSE
	EndGlobalSection
	GlobalSection(ExtensibilityGlobals) = postSolution
		SolutionGuid = {70E0764C-A062-4333-B123-818DB2E38928}
	EndGlobalSection
EndGlobal
